
Microsoft Visual Studio Solution File, Format Version 12.00
# Visual Studio 14
VisualStudioVersion = 14.0.25420.1
MinimumVisualStudioVersion = 10.0.40219.1
Project("{F2A71F9B-5D33-465A-A702-920D77279786}") = "Svn", "Svn\Svn.fsproj", "{5C3FB944-87BE-4625-828D-2F95F0BC589A}"
EndProject
Project("{F2A71F9B-5D33-465A-A702-920D77279786}") = "Svn.EventStore", "Svn.EventStore\Svn.EventStore.fsproj", "{C9FA4E74-3651-4853-A80F-4A67441F7613}"
EndProject
Global
	GlobalSection(SolutionConfigurationPlatforms) = preSolution
		Debug|Any CPU = Debug|Any CPU
		Release|Any CPU = Release|Any CPU
	EndGlobalSection
	GlobalSection(ProjectConfigurationPlatforms) = postSolution
		{5C3FB944-87BE-4625-828D-2F95F0BC589A}.Debug|Any CPU.ActiveCfg = Debug|Any CPU
		{5C3FB944-87BE-4625-828D-2F95F0BC589A}.Debug|Any CPU.Build.0 = Debug|Any CPU
		{5C3FB944-87BE-4625-828D-2F95F0BC589A}.Release|Any CPU.ActiveCfg = Release|Any CPU
		{5C3FB944-87BE-4625-828D-2F95F0BC589A}.Release|Any CPU.Build.0 = Release|Any CPU
		{C9FA4E74-3651-4853-A80F-4A67441F7613}.Debug|Any CPU.ActiveCfg = Debug|Any CPU
		{C9FA4E74-3651-4853-A80F-4A67441F7613}.Debug|Any CPU.Build.0 = Debug|Any CPU
		{C9FA4E74-3651-4853-A80F-4A67441F7613}.Release|Any CPU.ActiveCfg = Release|Any CPU
		{C9FA4E74-3651-4853-A80F-4A67441F7613}.Release|Any CPU.Build.0 = Release|Any CPU
	EndGlobalSection
	GlobalSection(SolutionProperties) = preSolution
		HideSolutionNode = FALSE
	EndGlobalSection
EndGlobal
